
Microsoft Visual Studio Solution File, Format Version 12.00
# Visual Studio Version 17
VisualStudioVersion = 17.14.37516.0 d17.14
MinimumVisualStudioVersion = 10.0.40219.1
Project("{FAE04EC0-301F-11D3-BF4B-00C04F79EFBC}") = "StudentProfile", "StudentProfile\StudentProfile.csproj", "{286A93D5-88F4-43BF-837D-63A27F6FDF58}"
EndProject
Global
	GlobalSection(SolutionConfigurationPlatforms) = preSolution
		Debug|Any CPU = Debug|Any CPU
		Release|Any CPU = Release|Any CPU
	EndGlobalSection
	GlobalSection(ProjectConfigurationPlatforms) = postSolution
		{286A93D5-88F4-43BF-837D-63A27F6FDF58}.Debug|Any CPU.ActiveCfg = Debug|Any CPU
		{286A93D5-88F4-43BF-837D-63A27F6FDF58}.Debug|Any CPU.Build.0 = Debug|Any CPU
		{286A93D5-88F4-43BF-837D-63A27F6FDF58}.Release|Any CPU.ActiveCfg = Release|Any CPU
		{286A93D5-88F4-43BF-837D-63A27F6FDF58}.Release|Any CPU.Build.0 = Release|Any CPU
	EndGlobalSection
	GlobalSection(SolutionProperties) = preSolution
		HideSolutionNode = FALSE
	EndGlobalSection
	GlobalSection(ExtensibilityGlobals) = postSolution
		SolutionGuid = {1958BB80-5298-4BE5-B970-9E547EFD991E}
	EndGlobalSection
EndGlobal
